
Microsoft Visual Studio Solution File, Format Version 12.00
# Visual Studio Version 16
VisualStudioVersion = 16.0.29409.12
MinimumVisualStudioVersion = 10.0.40219.1
Project("{FAE04EC0-301F-11D3-BF4B-00C04F79EFBC}") = "8_1_Introduction", "8_1_Introduction\8_1_Introduction.csproj", "{A57F3178-5E5B-4DBA-A27A-FD2CCD1E560D}"
EndProject
Global
	GlobalSection(SolutionConfigurationPlatforms) = preSolution
		Debug|Any CPU = Debug|Any CPU
		Release|Any CPU = Release|Any CPU
	EndGlobalSection
	GlobalSection(ProjectConfigurationPlatforms) = postSolution
		{A57F3178-5E5B-4DBA-A27A-FD2CCD1E560D}.Debug|Any CPU.ActiveCfg = Debug|Any CPU
		{A57F3178-5E5B-4DBA-A27A-FD2CCD1E560D}.Debug|Any CPU.Build.0 = Debug|Any CPU
		{A57F3178-5E5B-4DBA-A27A-FD2CCD1E560D}.Release|Any CPU.ActiveCfg = Release|Any CPU
		{A57F3178-5E5B-4DBA-A27A-FD2CCD1E560D}.Release|Any CPU.Build.0 = Release|Any CPU
	EndGlobalSection
	GlobalSection(SolutionProperties) = preSolution
		HideSolutionNode = FALSE
	EndGlobalSection
	GlobalSection(ExtensibilityGlobals) = postSolution
		SolutionGuid = {259634D0-D1A4-40C4-8B57-870E634B84C7}
	EndGlobalSection
EndGlobal
